
Microsoft Visual Studio Solution File, Format Version 12.00
# Visual Studio 14
VisualStudioVersion = 14.0.24720.0
MinimumVisualStudioVersion = 10.0.40219.1
Project("{FAE04EC0-301F-11D3-BF4B-00C04F79EFBC}") = "Kollokvium", "Kollokvium\Kollokvium.csproj", "{E29EEFE4-E062-4AC4-80E4-85A2EEC0C594}"
EndProject
Global
	GlobalSection(SolutionConfigurationPlatforms) = preSolution
		Debug|Any CPU = Debug|Any CPU
		Release|Any CPU = Release|Any CPU
	EndGlobalSection
	GlobalSection(ProjectConfigurationPlatforms) = postSolution
		{E29EEFE4-E062-4AC4-80E4-85A2EEC0C594}.Debug|Any CPU.ActiveCfg = Debug|Any CPU
		{E29EEFE4-E062-4AC4-80E4-85A2EEC0C594}.Debug|Any CPU.Build.0 = Debug|Any CPU
		{E29EEFE4-E062-4AC4-80E4-85A2EEC0C594}.Release|Any CPU.ActiveCfg = Release|Any CPU
		{E29EEFE4-E062-4AC4-80E4-85A2EEC0C594}.Release|Any CPU.Build.0 = Release|Any CPU
	EndGlobalSection
	GlobalSection(SolutionProperties) = preSolution
		HideSolutionNode = FALSE
	EndGlobalSection
EndGlobal
